PODS:
  - Flutter (1.0.0)
  - Gleap (7.0.3)
  - gleap_sdk (7.0.6):
    - Flutter
    - Gleap (= 7.0.3)

DEPENDENCIES:
  - Flutter (from `Flutter`)
  - gleap_sdk (from `.symlinks/plugins/gleap_sdk/ios`)

SPEC REPOS:
  trunk:
    - Gleap

EXTERNAL SOURCES:
  Flutter:
    :path: Flutter
  gleap_sdk:
    :path: ".symlinks/plugins/gleap_sdk/ios"

SPEC CHECKSUMS:
  Flutter: 50d75fe2f02b26cc09d224853bb45737f8b3214a
  Gleap: 180c6f3b22f7001240049c584145d0dccf0e9d61
  gleap_sdk: 9a0e3e22dee9a63fb2ab7d9e530227574a4ffbae

PODFILE CHECKSUM: 8e679eca47255a8ca8067c4c67aab20e64cb974d

COCOAPODS: 1.11.2
