PODS:
  - Flutter (1.0.0)
  - Gleap (7.0.9)
  - gleap_sdk (7.0.10):
    - Flutter
    - Gleap (= 7.0.9)

DEPENDENCIES:
  - Flutter (from `Flutter`)
  - gleap_sdk (from `.symlinks/plugins/gleap_sdk/ios`)

SPEC REPOS:
  trunk:
    - Gleap

EXTERNAL SOURCES:
  Flutter:
    :path: Flutter
  gleap_sdk:
    :path: ".symlinks/plugins/gleap_sdk/ios"

SPEC CHECKSUMS:
  Flutter: 50d75fe2f02b26cc09d224853bb45737f8b3214a
  Gleap: edecb32cb8d0d114aeebeb9af071a52f519d1662
  gleap_sdk: f77e374d7748a610fb84f1cfa2883b3f8ff6de50

PODFILE CHECKSUM: 8e679eca47255a8ca8067c4c67aab20e64cb974d

COCOAPODS: 1.11.2
